
Microsoft Visual Studio Solution File, Format Version 12.00
# Visual Studio Version 16
VisualStudioVersion = 16.0.28803.452
MinimumVisualStudioVersion = 10.0.40219.1
Project("{FAE04EC0-301F-11D3-BF4B-00C04F79EFBC}") = "finish_design", "finish_design.csproj", "{84674954-D500-4CD2-B90D-6B8E6F292797}"
	ProjectSection(ProjectDependencies) = postProject
		{72B3250D-9C1D-434E-BB1A-7AF0249F8C75} = {72B3250D-9C1D-434E-BB1A-7AF0249F8C75}
	EndProjectSection
EndProject
Project("{FAE04EC0-301F-11D3-BF4B-00C04F79EFBC}") = "ExampleCommon", "..\..\..\..\Download\TensorFlowSharp-master\Examples\ExampleCommon\ExampleCommon.csproj", "{116BA176-F67C-4066-8685-C080705BAA16}"
EndProject
Project("{9A19103F-16F7-4668-BE54-9A1E7A4F7556}") = "TensorFlowSharp", "..\..\..\..\Download\TensorFlowSharp-master\TensorFlowSharp\TensorFlowSharp.csproj", "{72B3250D-9C1D-434E-BB1A-7AF0249F8C75}"
EndProject
Global
	GlobalSection(SolutionConfigurationPlatforms) = preSolution
		Debug|Any CPU = Debug|Any CPU
		Debug|x64 = Debug|x64
		Debug|x86 = Debug|x86
		Release|Any CPU = Release|Any CPU
		Release|x64 = Release|x64
		Release|x86 = Release|x86
	EndGlobalSection
	GlobalSection(ProjectConfigurationPlatforms) = postSolution
		{84674954-D500-4CD2-B90D-6B8E6F292797}.Debug|Any CPU.ActiveCfg = Debug|Any CPU
		{84674954-D500-4CD2-B90D-6B8E6F292797}.Debug|Any CPU.Build.0 = Debug|Any CPU
		{84674954-D500-4CD2-B90D-6B8E6F292797}.Debug|x64.ActiveCfg = Debug|x64
		{84674954-D500-4CD2-B90D-6B8E6F292797}.Debug|x64.Build.0 = Debug|x64
		{84674954-D500-4CD2-B90D-6B8E6F292797}.Debug|x86.ActiveCfg = Debug|x86
		{84674954-D500-4CD2-B90D-6B8E6F292797}.Debug|x86.Build.0 = Debug|x86
		{84674954-D500-4CD2-B90D-6B8E6F292797}.Release|Any CPU.ActiveCfg = Release|Any CPU
		{84674954-D500-4CD2-B90D-6B8E6F292797}.Release|Any CPU.Build.0 = Release|Any CPU
		{84674954-D500-4CD2-B90D-6B8E6F292797}.Release|x64.ActiveCfg = Release|x64
		{84674954-D500-4CD2-B90D-6B8E6F292797}.Release|x64.Build.0 = Release|x64
		{84674954-D500-4CD2-B90D-6B8E6F292797}.Release|x86.ActiveCfg = Release|x86
		{84674954-D500-4CD2-B90D-6B8E6F292797}.Release|x86.Build.0 = Release|x86
		{116BA176-F67C-4066-8685-C080705BAA16}.Debug|Any CPU.ActiveCfg = Debug|Any CPU
		{116BA176-F67C-4066-8685-C080705BAA16}.Debug|Any CPU.Build.0 = Debug|Any CPU
		{116BA176-F67C-4066-8685-C080705BAA16}.Debug|x64.ActiveCfg = Debug|Any CPU
		{116BA176-F67C-4066-8685-C080705BAA16}.Debug|x64.Build.0 = Debug|Any CPU
		{116BA176-F67C-4066-8685-C080705BAA16}.Debug|x86.ActiveCfg = Debug|Any CPU
		{116BA176-F67C-4066-8685-C080705BAA16}.Debug|x86.Build.0 = Debug|Any CPU
		{116BA176-F67C-4066-8685-C080705BAA16}.Release|Any CPU.ActiveCfg = Release|Any CPU
		{116BA176-F67C-4066-8685-C080705BAA16}.Release|Any CPU.Build.0 = Release|Any CPU
		{116BA176-F67C-4066-8685-C080705BAA16}.Release|x64.ActiveCfg = Release|Any CPU
		{116BA176-F67C-4066-8685-C080705BAA16}.Release|x64.Build.0 = Release|Any CPU
		{116BA176-F67C-4066-8685-C080705BAA16}.Release|x86.ActiveCfg = Release|Any CPU
		{116BA176-F67C-4066-8685-C080705BAA16}.Release|x86.Build.0 = Release|Any CPU
		{72B3250D-9C1D-434E-BB1A-7AF0249F8C75}.Debug|Any CPU.ActiveCfg = Debug|Any CPU
		{72B3250D-9C1D-434E-BB1A-7AF0249F8C75}.Debug|Any CPU.Build.0 = Debug|Any CPU
		{72B3250D-9C1D-434E-BB1A-7AF0249F8C75}.Debug|x64.ActiveCfg = Debug|Any CPU
		{72B3250D-9C1D-434E-BB1A-7AF0249F8C75}.Debug|x64.Build.0 = Debug|Any CPU
		{72B3250D-9C1D-434E-BB1A-7AF0249F8C75}.Debug|x86.ActiveCfg = Debug|Any CPU
		{72B3250D-9C1D-434E-BB1A-7AF0249F8C75}.Debug|x86.Build.0 = Debug|Any CPU
		{72B3250D-9C1D-434E-BB1A-7AF0249F8C75}.Release|Any CPU.ActiveCfg = Release|Any CPU
		{72B3250D-9C1D-434E-BB1A-7AF0249F8C75}.Release|Any CPU.Build.0 = Release|Any CPU
		{72B3250D-9C1D-434E-BB1A-7AF0249F8C75}.Release|x64.ActiveCfg = Release|Any CPU
		{72B3250D-9C1D-434E-BB1A-7AF0249F8C75}.Release|x64.Build.0 = Release|Any CPU
		{72B3250D-9C1D-434E-BB1A-7AF0249F8C75}.Release|x86.ActiveCfg = Release|Any CPU
		{72B3250D-9C1D-434E-BB1A-7AF0249F8C75}.Release|x86.Build.0 = Release|Any CPU
	EndGlobalSection
	GlobalSection(SolutionProperties) = preSolution
		HideSolutionNode = FALSE
	EndGlobalSection
	GlobalSection(ExtensibilityGlobals) = postSolution
		SolutionGuid = {DCD8E1C2-0C61-4499-B184-B53D495311F5}
	EndGlobalSection
EndGlobal
